PODS:
  - WKWebViewJSBridge (0.1.0)

DEPENDENCIES:
  - WKWebViewJSBridge (from `../`)

EXTERNAL SOURCES:
  WKWebViewJSBridge:
    :path: "../"

SPEC CHECKSUMS:
  WKWebViewJSBridge: 83164cf172ba3d491f95b6216326b001f777707a

PODFILE CHECKSUM: f9132fda8381869548a95ea652c555496be7a201

COCOAPODS: 1.10.0
