PODS:
  - NNWKWebViewJSBridge (0.0.2)

DEPENDENCIES:
  - NNWKWebViewJSBridge (from `../`)

EXTERNAL SOURCES:
  NNWKWebViewJSBridge:
    :path: "../"

SPEC CHECKSUMS:
  NNWKWebViewJSBridge: 514d9a3e2f75f723e188794597c8cab434131afa

PODFILE CHECKSUM: caa04cf7ec8c92242c3963d82c7304c94b52e5fa

COCOAPODS: 1.10.0
