PODS:
  - NNWKWebViewJSBridge (0.0.1)

DEPENDENCIES:
  - NNWKWebViewJSBridge (from `../`)

EXTERNAL SOURCES:
  NNWKWebViewJSBridge:
    :path: "../"

SPEC CHECKSUMS:
  NNWKWebViewJSBridge: 2ee6a4f65eb79b840d4be1e732842ac4b3d593cc

PODFILE CHECKSUM: caa04cf7ec8c92242c3963d82c7304c94b52e5fa

COCOAPODS: 1.10.0
